
Microsoft Visual Studio Solution File, Format Version 12.00
# Visual Studio Version 17
VisualStudioVersion = 17.14.36212.18
MinimumVisualStudioVersion = 10.0.40219.1
Project("{FAE04EC0-301F-11D3-BF4B-00C04F79EFBC}") = "Orders.Domain", "Orders.Domain\Orders.Domain.csproj", "{F15B628E-FF93-4571-B781-EDB9981AD92E}"
EndProject
Project("{FAE04EC0-301F-11D3-BF4B-00C04F79EFBC}") = "Orders.Application", "Orders.Application\Orders.Application.csproj", "{2A6C3C2F-45E5-4D36-8670-8780EAA6A0A6}"
EndProject
Project("{FAE04EC0-301F-11D3-BF4B-00C04F79EFBC}") = "Orders.Infrastructure", "Orders.Infrastructure\Orders.Infrastructure.csproj", "{2BFEC116-6133-4940-81F7-E6697F2EB4C6}"
EndProject
Project("{FAE04EC0-301F-11D3-BF4B-00C04F79EFBC}") = "Orders.Presentation.Blazor", "Orders.Presentation.Blazor\Orders.Presentation.Blazor.csproj", "{C331451F-C20D-4E27-AA77-24B18FF77FCD}"
EndProject
Project("{E53339B2-1760-4266-BCC7-CA923CBCF16C}") = "docker-compose", "docker-compose.dcproj", "{81DDED9D-158B-E303-5F62-77A2896D2A5A}"
EndProject
Global
	GlobalSection(SolutionConfigurationPlatforms) = preSolution
		Debug|Any CPU = Debug|Any CPU
		Release|Any CPU = Release|Any CPU
	EndGlobalSection
	GlobalSection(ProjectConfigurationPlatforms) = postSolution
		{F15B628E-FF93-4571-B781-EDB9981AD92E}.Debug|Any CPU.ActiveCfg = Debug|Any CPU
		{F15B628E-FF93-4571-B781-EDB9981AD92E}.Debug|Any CPU.Build.0 = Debug|Any CPU
		{F15B628E-FF93-4571-B781-EDB9981AD92E}.Release|Any CPU.ActiveCfg = Release|Any CPU
		{F15B628E-FF93-4571-B781-EDB9981AD92E}.Release|Any CPU.Build.0 = Release|Any CPU
		{2A6C3C2F-45E5-4D36-8670-8780EAA6A0A6}.Debug|Any CPU.ActiveCfg = Debug|Any CPU
		{2A6C3C2F-45E5-4D36-8670-8780EAA6A0A6}.Debug|Any CPU.Build.0 = Debug|Any CPU
		{2A6C3C2F-45E5-4D36-8670-8780EAA6A0A6}.Release|Any CPU.ActiveCfg = Release|Any CPU
		{2A6C3C2F-45E5-4D36-8670-8780EAA6A0A6}.Release|Any CPU.Build.0 = Release|Any CPU
		{2BFEC116-6133-4940-81F7-E6697F2EB4C6}.Debug|Any CPU.ActiveCfg = Debug|Any CPU
		{2BFEC116-6133-4940-81F7-E6697F2EB4C6}.Debug|Any CPU.Build.0 = Debug|Any CPU
		{2BFEC116-6133-4940-81F7-E6697F2EB4C6}.Release|Any CPU.ActiveCfg = Release|Any CPU
		{2BFEC116-6133-4940-81F7-E6697F2EB4C6}.Release|Any CPU.Build.0 = Release|Any CPU
		{C331451F-C20D-4E27-AA77-24B18FF77FCD}.Debug|Any CPU.ActiveCfg = Debug|Any CPU
		{C331451F-C20D-4E27-AA77-24B18FF77FCD}.Debug|Any CPU.Build.0 = Debug|Any CPU
		{C331451F-C20D-4E27-AA77-24B18FF77FCD}.Release|Any CPU.ActiveCfg = Release|Any CPU
		{C331451F-C20D-4E27-AA77-24B18FF77FCD}.Release|Any CPU.Build.0 = Release|Any CPU
		{81DDED9D-158B-E303-5F62-77A2896D2A5A}.Debug|Any CPU.ActiveCfg = Debug|Any CPU
		{81DDED9D-158B-E303-5F62-77A2896D2A5A}.Debug|Any CPU.Build.0 = Debug|Any CPU
		{81DDED9D-158B-E303-5F62-77A2896D2A5A}.Release|Any CPU.ActiveCfg = Release|Any CPU
		{81DDED9D-158B-E303-5F62-77A2896D2A5A}.Release|Any CPU.Build.0 = Release|Any CPU
	EndGlobalSection
	GlobalSection(SolutionProperties) = preSolution
		HideSolutionNode = FALSE
	EndGlobalSection
	GlobalSection(ExtensibilityGlobals) = postSolution
		SolutionGuid = {3AA5B078-38FB-43B3-B033-FCEFF2FF7545}
	EndGlobalSection
EndGlobal
